// !$*UTF8*$!
{
	archiveVersion = 1;
	classes = {
	};
	objectVersion = 46;
	objects = {

/* Begin PBXBuildFile section */
		5A6C2ABB1CB6A96600E2EACE /* main.m in Sources */ = {isa = PBXBuildFile; fileRef = 5A6C2ABA1CB6A96600E2EACE /* main.m */; };
		5A6C2ABE1CB6A96600E2EACE /* AppDelegate.m in Sources */ = {isa = PBXBuildFile; fileRef = 5A6C2ABD1CB6A96600E2EACE /* AppDelegate.m */; };
		5A6C2AC11CB6A96600E2EACE /* GameScene.m in Sources */ = {isa = PBXBuildFile; fileRef = 5A6C2AC01CB6A96600E2EACE /* GameScene.m */; };
		5A6C2AC61CB6A96600E2EACE /* GameViewController.m in Sources */ = {isa = PBXBuildFile; fileRef = 5A6C2AC51CB6A96600E2EACE /* GameViewController.m */; };
		5A6C2AC91CB6A96600E2EACE /* Main.storyboard in Resources */ = {isa = PBXBuildFile; fileRef = 5A6C2AC71CB6A96600E2EACE /* Main.storyboard */; };
		5A6C2ACB1CB6A96600E2EACE /* Assets.xcassets in Resources */ = {isa = PBXBuildFile; fileRef = 5A6C2ACA1CB6A96600E2EACE /* Assets.xcassets */; };
		5A6C2ACE1CB6A96600E2EACE /* LaunchScreen.storyboard in Resources */ = {isa = PBXBuildFile; fileRef = 5A6C2ACC1CB6A96600E2EACE /* LaunchScreen.storyboard */; };
		5A6C2AD91CB6A96700E2EACE /* SpriteKitSimpleGameTests.m in Sources */ = {isa = PBXBuildFile; fileRef = 5A6C2AD81CB6A96700E2EACE /* SpriteKitSimpleGameTests.m */; };
		5A6C2AE41CB6A96700E2EACE /* SpriteKitSimpleGameUITests.m in Sources */ = {isa = PBXBuildFile; fileRef = 5A6C2AE31CB6A96700E2EACE /* SpriteKitSimpleGameUITests.m */; };
		5A6C2AF61CB6AA3100E2EACE /* background-music-aac.caf in Resources */ = {isa = PBXBuildFile; fileRef = 5A6C2AF31CB6AA3100E2EACE /* background-music-aac.caf */; };
		5A6C2AF71CB6AA3100E2EACE /* pew-pew-lei.caf in Resources */ = {isa = PBXBuildFile; fileRef = 5A6C2AF41CB6AA3100E2EACE /* pew-pew-lei.caf */; };
		5A6C2AF81CB6AA3100E2EACE /* sprites.atlas in Resources */ = {isa = PBXBuildFile; fileRef = 5A6C2AF51CB6AA3100E2EACE /* sprites.atlas */; };
		5A6C2AFB1CB6BDA900E2EACE /* GameOverScene.m in Sources */ = {isa = PBXBuildFile; fileRef = 5A6C2AFA1CB6BDA900E2EACE /* GameOverScene.m */; };
/* End PBXBuildFile section */

/* Begin PBXContainerItemProxy section */
		5A6C2AD51CB6A96700E2EACE /* PBXContainerItemProxy */ = {
			isa = PBXContainerItemProxy;
			containerPortal = 5A6C2AAE1CB6A96600E2EACE /* Project object */;
			proxyType = 1;
			remoteGlobalIDString = 5A6C2AB51CB6A96600E2EACE;
			remoteInfo = SpriteKitSimpleGame;
		};
		5A6C2AE01CB6A96700E2EACE /* PBXContainerItemProxy */ = {
			isa = PBXContainerItemProxy;
			containerPortal = 5A6C2AAE1CB6A96600E2EACE /* Project object */;
			proxyType = 1;
			remoteGlobalIDString = 5A6C2AB51CB6A96600E2EACE;
			remoteInfo = SpriteKitSimpleGame;
		};
/* End PBXContainerItemProxy section */

/* Begin PBXFileReference section */
		5A6C2AB61CB6A96600E2EACE /* SpriteKitSimpleGame.app */ = {isa = PBXFileReference; explicitFileType = wrapper.application; includeInIndex = 0; path = SpriteKitSimpleGame.app; sourceTree = BUILT_PRODUCTS_DIR; };
		5A6C2ABA1CB6A96600E2EACE /* main.m */ = {isa = PBXFileReference; lastKnownFileType = sourcecode.c.objc; path = main.m; sourceTree = "<group>"; };
		5A6C2ABC1CB6A96600E2EACE /* AppDelegate.h */ = {isa = PBXFileReference; lastKnownFileType = sourcecode.c.h; path = AppDelegate.h; sourceTree = "<group>"; };
		5A6C2ABD1CB6A96600E2EACE /* AppDelegate.m */ = {isa = PBXFileReference; lastKnownFileType = sourcecode.c.objc; path = AppDelegate.m; sourceTree = "<group>"; };
		5A6C2ABF1CB6A96600E2EACE /* GameScene.h */ = {isa = PBXFileReference; lastKnownFileType = sourcecode.c.h; path = GameScene.h; sourceTree = "<group>"; };
		5A6C2AC01CB6A96600E2EACE /* GameScene.m */ = {isa = PBXFileReference; lastKnownFileType = sourcecode.c.objc; path = GameScene.m; sourceTree = "<group>"; };
		5A6C2AC41CB6A96600E2EACE /* GameViewController.h */ = {isa = PBXFileReference; lastKnownFileType = sourcecode.c.h; path = GameViewController.h; sourceTree = "<group>"; };
		5A6C2AC51CB6A96600E2EACE /* GameViewController.m */ = {isa = PBXFileReference; lastKnownFileType = sourcecode.c.objc; path = GameViewController.m; sourceTree = "<group>"; };
		5A6C2AC81CB6A96600E2EACE /* Base */ = {isa = PBXFileReference; lastKnownFileType = file.storyboard; name = Base; path = Base.lproj/Main.storyboard; sourceTree = "<group>"; };
		5A6C2ACA1CB6A96600E2EACE /* Assets.xcassets */ = {isa = PBXFileReference; lastKnownFileType = folder.assetcatalog; path = Assets.xcassets; sourceTree = "<group>"; };
		5A6C2ACD1CB6A96600E2EACE /* Base */ = {isa = PBXFileReference; lastKnownFileType = file.storyboard; name = Base; path = Base.lproj/LaunchScreen.storyboard; sourceTree = "<group>"; };
		5A6C2ACF1CB6A96600E2EACE /* Info.plist */ = {isa = PBXFileReference; lastKnownFileType = text.plist.xml; path = Info.plist; sourceTree = "<group>"; };
		5A6C2AD41CB6A96700E2EACE /* SpriteKitSimpleGameTests.xctest */ = {isa = PBXFileReference; explicitFileType = wrapper.cfbundle; includeInIndex = 0; path = SpriteKitSimpleGameTests.xctest; sourceTree = BUILT_PRODUCTS_DIR; };
		5A6C2AD81CB6A96700E2EACE /* SpriteKitSimpleGameTests.m */ = {isa = PBXFileReference; lastKnownFileType = sourcecode.c.objc; path = SpriteKitSimpleGameTests.m; sourceTree = "<group>"; };
		5A6C2ADA1CB6A96700E2EACE /* Info.plist */ = {isa = PBXFileReference; lastKnownFileType = text.plist.xml; path = Info.plist; sourceTree = "<group>"; };
		5A6C2ADF1CB6A96700E2EACE /* SpriteKitSimpleGameUITests.xctest */ = {isa = PBXFileReference; explicitFileType = wrapper.cfbundle; includeInIndex = 0; path = SpriteKitSimpleGameUITests.xctest; sourceTree = BUILT_PRODUCTS_DIR; };
		5A6C2AE31CB6A96700E2EACE /* SpriteKitSimpleGameUITests.m */ = {isa = PBXFileReference; lastKnownFileType = sourcecode.c.objc; path = SpriteKitSimpleGameUITests.m; sourceTree = "<group>"; };
		5A6C2AE51CB6A96700E2EACE /* Info.plist */ = {isa = PBXFileReference; lastKnownFileType = text.plist.xml; path = Info.plist; sourceTree = "<group>"; };
		5A6C2AF31CB6AA3100E2EACE /* background-music-aac.caf */ = {isa = PBXFileReference; lastKnownFileType = file; path = "background-music-aac.caf"; sourceTree = "<group>"; };
		5A6C2AF41CB6AA3100E2EACE /* pew-pew-lei.caf */ = {isa = PBXFileReference; lastKnownFileType = file; path = "pew-pew-lei.caf"; sourceTree = "<group>"; };
		5A6C2AF51CB6AA3100E2EACE /* sprites.atlas */ = {isa = PBXFileReference; lastKnownFileType = folder.skatlas; path = sprites.atlas; sourceTree = "<group>"; };
		5A6C2AF91CB6BDA900E2EACE /* GameOverScene.h */ = {isa = PBXFileReference; fileEncoding = 4; lastKnownFileType = sourcecode.c.h; path = GameOverScene.h; sourceTree = "<group>"; };
		5A6C2AFA1CB6BDA900E2EACE /* GameOverScene.m */ = {isa = PBXFileReference; fileEncoding = 4; lastKnownFileType = sourcecode.c.objc; path = GameOverScene.m; sourceTree = "<group>"; };
/* End PBXFileReference section */

/* Begin PBXFrameworksBuildPhase section */
		5A6C2AB31CB6A96600E2EACE /* Frameworks */ = {
			isa = PBXFrameworksBuildPhase;
			buildActionMask = 2147483647;
			files = (
			);
			runOnlyForDeploymentPostprocessing = 0;
		};
		5A6C2AD11CB6A96700E2EACE /* Frameworks */ = {
			isa = PBXFrameworksBuildPhase;
			buildActionMask = 2147483647;
			files = (
			);
			runOnlyForDeploymentPostprocessing = 0;
		};
		5A6C2ADC1CB6A96700E2EACE /* Frameworks */ = {
			isa = PBXFrameworksBuildPhase;
			buildActionMask = 2147483647;
			files = (
			);
			runOnlyForDeploymentPostprocessing = 0;
		};
/* End PBXFrameworksBuildPhase section */

/* Begin PBXGroup section */
		5A6C2AAD1CB6A96600E2EACE = {
			isa = PBXGroup;
			children = (
				5A6C2AB81CB6A96600E2EACE /* SpriteKitSimpleGame */,
				5A6C2AD71CB6A96700E2EACE /* SpriteKitSimpleGameTests */,
				5A6C2AE21CB6A96700E2EACE /* SpriteKitSimpleGameUITests */,
				5A6C2AB71CB6A96600E2EACE /* Products */,
				5A6C2AF11CB6AA3000E2EACE /* SpriteKitSimpleGameResources */,
			);
			sourceTree = "<group>";
		};
		5A6C2AB71CB6A96600E2EACE /* Products */ = {
			isa = PBXGroup;
			children = (
				5A6C2AB61CB6A96600E2EACE /* SpriteKitSimpleGame.app */,
				5A6C2AD41CB6A96700E2EACE /* SpriteKitSimpleGameTests.xctest */,
				5A6C2ADF1CB6A96700E2EACE /* SpriteKitSimpleGameUITests.xctest */,
			);
			name = Products;
			sourceTree = "<group>";
		};
		5A6C2AB81CB6A96600E2EACE /* SpriteKitSimpleGame */ = {
			isa = PBXGroup;
			children = (
				5A6C2ABC1CB6A96600E2EACE /* AppDelegate.h */,
				5A6C2ABD1CB6A96600E2EACE /* AppDelegate.m */,
				5A6C2ABF1CB6A96600E2EACE /* GameScene.h */,
				5A6C2AC01CB6A96600E2EACE /* GameScene.m */,
				5A6C2AF91CB6BDA900E2EACE /* GameOverScene.h */,
				5A6C2AFA1CB6BDA900E2EACE /* GameOverScene.m */,
				5A6C2AC41CB6A96600E2EACE /* GameViewController.h */,
				5A6C2AC51CB6A96600E2EACE /* GameViewController.m */,
				5A6C2AC71CB6A96600E2EACE /* Main.storyboard */,
				5A6C2ACA1CB6A96600E2EACE /* Assets.xcassets */,
				5A6C2ACC1CB6A96600E2EACE /* LaunchScreen.storyboard */,
				5A6C2ACF1CB6A96600E2EACE /* Info.plist */,
				5A6C2AB91CB6A96600E2EACE /* Supporting Files */,
			);
			path = SpriteKitSimpleGame;
			sourceTree = "<group>";
		};
		5A6C2AB91CB6A96600E2EACE /* Supporting Files */ = {
			isa = PBXGroup;
			children = (
				5A6C2ABA1CB6A96600E2EACE /* main.m */,
			);
			name = "Supporting Files";
			sourceTree = "<group>";
		};
		5A6C2AD71CB6A96700E2EACE /* SpriteKitSimpleGameTests */ = {
			isa = PBXGroup;
			children = (
				5A6C2AD81CB6A96700E2EACE /* SpriteKitSimpleGameTests.m */,
				5A6C2ADA1CB6A96700E2EACE /* Info.plist */,
			);
			path = SpriteKitSimpleGameTests;
			sourceTree = "<group>";
		};
		5A6C2AE21CB6A96700E2EACE /* SpriteKitSimpleGameUITests */ = {
			isa = PBXGroup;
			children = (
				5A6C2AE31CB6A96700E2EACE /* SpriteKitSimpleGameUITests.m */,
				5A6C2AE51CB6A96700E2EACE /* Info.plist */,
			);
			path = SpriteKitSimpleGameUITests;
			sourceTree = "<group>";
		};
		5A6C2AF11CB6AA3000E2EACE /* SpriteKitSimpleGameResources */ = {
			isa = PBXGroup;
			children = (
				5A6C2AF21CB6AA3000E2EACE /* Sounds */,
				5A6C2AF51CB6AA3100E2EACE /* sprites.atlas */,
			);
			path = SpriteKitSimpleGameResources;
			sourceTree = "<group>";
		};
		5A6C2AF21CB6AA3000E2EACE /* Sounds */ = {
			isa = PBXGroup;
			children = (
				5A6C2AF31CB6AA3100E2EACE /* background-music-aac.caf */,
				5A6C2AF41CB6AA3100E2EACE /* pew-pew-lei.caf */,
			);
			path = Sounds;
			sourceTree = "<group>";
		};
/* End PBXGroup section */

/* Begin PBXNativeTarget section */
		5A6C2AB51CB6A96600E2EACE /* SpriteKitSimpleGame */ = {
			isa = PBXNativeTarget;
			buildConfigurationList = 5A6C2AE81CB6A96700E2EACE /* Build configuration list for PBXNativeTarget "SpriteKitSimpleGame" */;
			buildPhases = (
				5A6C2AB21CB6A96600E2EACE /* Sources */,
				5A6C2AB31CB6A96600E2EACE /* Frameworks */,
				5A6C2AB41CB6A96600E2EACE /* Resources */,
			);
			buildRules = (
			);
			dependencies = (
			);
			name = SpriteKitSimpleGame;
			productName = SpriteKitSimpleGame;
			productReference = 5A6C2AB61CB6A96600E2EACE /* SpriteKitSimpleGame.app */;
			productType = "com.apple.product-type.application";
		};
		5A6C2AD31CB6A96700E2EACE /* SpriteKitSimpleGameTests */ = {
			isa = PBXNativeTarget;
			buildConfigurationList = 5A6C2AEB1CB6A96700E2EACE /* Build configuration list for PBXNativeTarget "SpriteKitSimpleGameTests" */;
			buildPhases = (
				5A6C2AD01CB6A96700E2EACE /* Sources */,
				5A6C2AD11CB6A96700E2EACE /* Frameworks */,
				5A6C2AD21CB6A96700E2EACE /* Resources */,
			);
			buildRules = (
			);
			dependencies = (
				5A6C2AD61CB6A96700E2EACE /* PBXTargetDependency */,
			);
			name = SpriteKitSimpleGameTests;
			productName = SpriteKitSimpleGameTests;
			productReference = 5A6C2AD41CB6A96700E2EACE /* SpriteKitSimpleGameTests.xctest */;
			productType = "com.apple.product-type.bundle.unit-test";
		};
		5A6C2ADE1CB6A96700E2EACE /* SpriteKitSimpleGameUITests */ = {
			isa = PBXNativeTarget;
			buildConfigurationList = 5A6C2AEE1CB6A96700E2EACE /* Build configuration list for PBXNativeTarget "SpriteKitSimpleGameUITests" */;
			buildPhases = (
				5A6C2ADB1CB6A96700E2EACE /* Sources */,
				5A6C2ADC1CB6A96700E2EACE /* Frameworks */,
				5A6C2ADD1CB6A96700E2EACE /* Resources */,
			);
			buildRules = (
			);
			dependencies = (
				5A6C2AE11CB6A96700E2EACE /* PBXTargetDependency */,
			);
			name = SpriteKitSimpleGameUITests;
			productName = SpriteKitSimpleGameUITests;
			productReference = 5A6C2ADF1CB6A96700E2EACE /* SpriteKitSimpleGameUITests.xctest */;
			productType = "com.apple.product-type.bundle.ui-testing";
		};
/* End PBXNativeTarget section */

/* Begin PBXProject section */
		5A6C2AAE1CB6A96600E2EACE /* Project object */ = {
			isa = PBXProject;
			attributes = {
				LastUpgradeCheck = 0720;
				ORGANIZATIONNAME = sandzapps;
				TargetAttributes = {
					5A6C2AB51CB6A96600E2EACE = {
						CreatedOnToolsVersion = 7.2;
						DevelopmentTeam = BHCQLQ9GC9;
					};
					5A6C2AD31CB6A96700E2EACE = {
						CreatedOnToolsVersion = 7.2;
						DevelopmentTeam = BHCQLQ9GC9;
						TestTargetID = 5A6C2AB51CB6A96600E2EACE;
					};
					5A6C2ADE1CB6A96700E2EACE = {
						CreatedOnToolsVersion = 7.2;
						DevelopmentTeam = BHCQLQ9GC9;
						TestTargetID = 5A6C2AB51CB6A96600E2EACE;
					};
				};
			};
			buildConfigurationList = 5A6C2AB11CB6A96600E2EACE /* Build configuration list for PBXProject "SpriteKitSimpleGame" */;
			compatibilityVersion = "Xcode 3.2";
			developmentRegion = English;
			hasScannedForEncodings = 0;
			knownRegions = (
				en,
				Base,
			);
			mainGroup = 5A6C2AAD1CB6A96600E2EACE;
			productRefGroup = 5A6C2AB71CB6A96600E2EACE /* Products */;
			projectDirPath = "";
			projectRoot = "";
			targets = (
				5A6C2AB51CB6A96600E2EACE /* SpriteKitSimpleGame */,
				5A6C2AD31CB6A96700E2EACE /* SpriteKitSimpleGameTests */,
				5A6C2ADE1CB6A96700E2EACE /* SpriteKitSimpleGameUITests */,
			);
		};
/* End PBXProject section */

/* Begin PBXResourcesBuildPhase section */
		5A6C2AB41CB6A96600E2EACE /* Resources */ = {
			isa = PBXResourcesBuildPhase;
			buildActionMask = 2147483647;
			files = (
				5A6C2AF81CB6AA3100E2EACE /* sprites.atlas in Resources */,
				5A6C2AF61CB6AA3100E2EACE /* background-music-aac.caf in Resources */,
				5A6C2ACE1CB6A96600E2EACE /* LaunchScreen.storyboard in Resources */,
				5A6C2ACB1CB6A96600E2EACE /* Assets.xcassets in Resources */,
				5A6C2AC91CB6A96600E2EACE /* Main.storyboard in Resources */,
				5A6C2AF71CB6AA3100E2EACE /* pew-pew-lei.caf in Resources */,
			);
			runOnlyForDeploymentPostprocessing = 0;
		};
		5A6C2AD21CB6A96700E2EACE /* Resources */ = {
			isa = PBXResourcesBuildPhase;
			buildActionMask = 2147483647;
			files = (
			);
			runOnlyForDeploymentPostprocessing = 0;
		};
		5A6C2ADD1CB6A96700E2EACE /* Resources */ = {
			isa = PBXResourcesBuildPhase;
			buildActionMask = 2147483647;
			files = (
			);
			runOnlyForDeploymentPostprocessing = 0;
		};
/* End PBXResourcesBuildPhase section */

/* Begin PBXSourcesBuildPhase section */
		5A6C2AB21CB6A96600E2EACE /* Sources */ = {
			isa = PBXSourcesBuildPhase;
			buildActionMask = 2147483647;
			files = (
				5A6C2AFB1CB6BDA900E2EACE /* GameOverScene.m in Sources */,
				5A6C2AC61CB6A96600E2EACE /* GameViewController.m in Sources */,
				5A6C2ABE1CB6A96600E2EACE /* AppDelegate.m in Sources */,
				5A6C2AC11CB6A96600E2EACE /* GameScene.m in Sources */,
				5A6C2ABB1CB6A96600E2EACE /* main.m in Sources */,
			);
			runOnlyForDeploymentPostprocessing = 0;
		};
		5A6C2AD01CB6A96700E2EACE /* Sources */ = {
			isa = PBXSourcesBuildPhase;
			buildActionMask = 2147483647;
			files = (
				5A6C2AD91CB6A96700E2EACE /* SpriteKitSimpleGameTests.m in Sources */,
			);
			runOnlyForDeploymentPostprocessing = 0;
		};
		5A6C2ADB1CB6A96700E2EACE /* Sources */ = {
			isa = PBXSourcesBuildPhase;
			buildActionMask = 2147483647;
			files = (
				5A6C2AE41CB6A96700E2EACE /* SpriteKitSimpleGameUITests.m in Sources */,
			);
			runOnlyForDeploymentPostprocessing = 0;
		};
/* End PBXSourcesBuildPhase section */

/* Begin PBXTargetDependency section */
		5A6C2AD61CB6A96700E2EACE /* PBXTargetDependency */ = {
			isa = PBXTargetDependency;
			target = 5A6C2AB51CB6A96600E2EACE /* SpriteKitSimpleGame */;
			targetProxy = 5A6C2AD51CB6A96700E2EACE /* PBXContainerItemProxy */;
		};
		5A6C2AE11CB6A96700E2EACE /* PBXTargetDependency */ = {
			isa = PBXTargetDependency;
			target = 5A6C2AB51CB6A96600E2EACE /* SpriteKitSimpleGame */;
			targetProxy = 5A6C2AE01CB6A96700E2EACE /* PBXContainerItemProxy */;
		};
/* End PBXTargetDependency section */

/* Begin PBXVariantGroup section */
		5A6C2AC71CB6A96600E2EACE /* Main.storyboard */ = {
			isa = PBXVariantGroup;
			children = (
				5A6C2AC81CB6A96600E2EACE /* Base */,
			);
			name = Main.storyboard;
			sourceTree = "<group>";
		};
		5A6C2ACC1CB6A96600E2EACE /* LaunchScreen.storyboard */ = {
			isa = PBXVariantGroup;
			children = (
				5A6C2ACD1CB6A96600E2EACE /* Base */,
			);
			name = LaunchScreen.storyboard;
			sourceTree = "<group>";
		};
/* End PBXVariantGroup section */

/* Begin XCBuildConfiguration section */
		5A6C2AE61CB6A96700E2EACE /* Debug */ = {
			isa = XCBuildConfiguration;
			buildSettings = {
				ALWAYS_SEARCH_USER_PATHS = NO;
				CLANG_CXX_LANGUAGE_STANDARD = "gnu++0x";
				CLANG_CXX_LIBRARY = "libc++";
				CLANG_ENABLE_MODULES = YES;
				CLANG_ENABLE_OBJC_ARC = YES;
				CLANG_WARN_BOOL_CONVERSION = YES;
				CLANG_WARN_CONSTANT_CONVERSION = YES;
				CLANG_WARN_DIRECT_OBJC_ISA_USAGE = YES_ERROR;
				CLANG_WARN_EMPTY_BODY = YES;
				CLANG_WARN_ENUM_CONVERSION = YES;
				CLANG_WARN_INT_CONVERSION = YES;
				CLANG_WARN_OBJC_ROOT_CLASS = YES_ERROR;
				CLANG_WARN_UNREACHABLE_CODE = YES;
				CLANG_WARN__DUPLICATE_METHOD_MATCH = YES;
				"CODE_SIGN_IDENTITY[sdk=iphoneos*]" = "iPhone Developer";
				COPY_PHASE_STRIP = NO;
				DEBUG_INFORMATION_FORMAT = "dwarf-with-dsym";
				ENABLE_STRICT_OBJC_MSGSEND = YES;
				ENABLE_TESTABILITY = YES;
				GCC_C_LANGUAGE_STANDARD = gnu99;
				GCC_DYNAMIC_NO_PIC = NO;
				GCC_NO_COMMON_BLOCKS = YES;
				GCC_OPTIMIZATION_LEVEL = 0;
				GCC_PREPROCESSOR_DEFINITIONS = (
					"DEBUG=1",
					"$(inherited)",
				);
				GCC_WARN_64_TO_32_BIT_CONVERSION = YES;
				GCC_WARN_ABOUT_RETURN_TYPE = YES_ERROR;
				GCC_WARN_UNDECLARED_SELECTOR = YES;
				GCC_WARN_UNINITIALIZED_AUTOS = YES_AGGRESSIVE;
				GCC_WARN_UNUSED_FUNCTION = YES;
				GCC_WARN_UNUSED_VARIABLE = YES;
				IPHONEOS_DEPLOYMENT_TARGET = 9.2;
				MTL_ENABLE_DEBUG_INFO = YES;
				ONLY_ACTIVE_ARCH = YES;
				SDKROOT = iphoneos;
				TARGETED_DEVICE_FAMILY = "1,2";
			};
			name = Debug;
		};
		5A6C2AE71CB6A96700E2EACE /* Release */ = {
			isa = XCBuildConfiguration;
			buildSettings = {
				ALWAYS_SEARCH_USER_PATHS = NO;
				CLANG_CXX_LANGUAGE_STANDARD = "gnu++0x";
				CLANG_CXX_LIBRARY = "libc++";
				CLANG_ENABLE_MODULES = YES;
				CLANG_ENABLE_OBJC_ARC = YES;
				CLANG_WARN_BOOL_CONVERSION = YES;
				CLANG_WARN_CONSTANT_CONVERSION = YES;
				CLANG_WARN_DIRECT_OBJC_ISA_USAGE = YES_ERROR;
				CLANG_WARN_EMPTY_BODY = YES;
				CLANG_WARN_ENUM_CONVERSION = YES;
				CLANG_WARN_INT_CONVERSION = YES;
				CLANG_WARN_OBJC_ROOT_CLASS = YES_ERROR;
				CLANG_WARN_UNREACHABLE_CODE = YES;
				CLANG_WARN__DUPLICATE_METHOD_MATCH = YES;
				"CODE_SIGN_IDENTITY[sdk=iphoneos*]" = "iPhone Developer";
				COPY_PHASE_STRIP = NO;
				DEBUG_INFORMATION_FORMAT = "dwarf-with-dsym";
				ENABLE_NS_ASSERTIONS = NO;
				ENABLE_STRICT_OBJC_MSGSEND = YES;
				GCC_C_LANGUAGE_STANDARD = gnu99;
				GCC_NO_COMMON_BLOCKS = YES;
				GCC_WARN_64_TO_32_BIT_CONVERSION = YES;
				GCC_WARN_ABOUT_RETURN_TYPE = YES_ERROR;
				GCC_WARN_UNDECLARED_SELECTOR = YES;
				GCC_WARN_UNINITIALIZED_AUTOS = YES_AGGRESSIVE;
				GCC_WARN_UNUSED_FUNCTION = YES;
				GCC_WARN_UNUSED_VARIABLE = YES;
				IPHONEOS_DEPLOYMENT_TARGET = 9.2;
				MTL_ENABLE_DEBUG_INFO = NO;
				SDKROOT = iphoneos;
				TARGETED_DEVICE_FAMILY = "1,2";
				VALIDATE_PRODUCT = YES;
			};
			name = Release;
		};
		5A6C2AE91CB6A96700E2EACE /* Debug */ = {
			isa = XCBuildConfiguration;
			buildSettings = {
				ASSETCATALOG_COMPILER_APPICON_NAME = AppIcon;
				INFOPLIST_FILE = SpriteKitSimpleGame/Info.plist;
				IPHONEOS_DEPLOYMENT_TARGET = 8.0;
				LD_RUNPATH_SEARCH_PATHS = "$(inherited) @executable_path/Frameworks";
				PRODUCT_BUNDLE_IDENTIFIER = com.sandzapps.SpriteKitSimpleGame;
				PRODUCT_NAME = "$(TARGET_NAME)";
			};
			name = Debug;
		};
		5A6C2AEA1CB6A96700E2EACE /* Release */ = {
			isa = XCBuildConfiguration;
			buildSettings = {
				ASSETCATALOG_COMPILER_APPICON_NAME = AppIcon;
				INFOPLIST_FILE = SpriteKitSimpleGame/Info.plist;
				IPHONEOS_DEPLOYMENT_TARGET = 8.0;
				LD_RUNPATH_SEARCH_PATHS = "$(inherited) @executable_path/Frameworks";
				PRODUCT_BUNDLE_IDENTIFIER = com.sandzapps.SpriteKitSimpleGame;
				PRODUCT_NAME = "$(TARGET_NAME)";
			};
			name = Release;
		};
		5A6C2AEC1CB6A96700E2EACE /* Debug */ = {
			isa = XCBuildConfiguration;
			buildSettings = {
				BUNDLE_LOADER = "$(TEST_HOST)";
				DEBUG_INFORMATION_FORMAT = dwarf;
				INFOPLIST_FILE = SpriteKitSimpleGameTests/Info.plist;
				LD_RUNPATH_SEARCH_PATHS = "$(inherited) @executable_path/Frameworks @loader_path/Frameworks";
				PRODUCT_BUNDLE_IDENTIFIER = com.sandzapps.SpriteKitSimpleGameTests;
				PRODUCT_NAME = "$(TARGET_NAME)";
				TEST_HOST = "$(BUILT_PRODUCTS_DIR)/SpriteKitSimpleGame.app/SpriteKitSimpleGame";
			};
			name = Debug;
		};
		5A6C2AED1CB6A96700E2EACE /* Release */ = {
			isa = XCBuildConfiguration;
			buildSettings = {
				BUNDLE_LOADER = "$(TEST_HOST)";
				INFOPLIST_FILE = SpriteKitSimpleGameTests/Info.plist;
				LD_RUNPATH_SEARCH_PATHS = "$(inherited) @executable_path/Frameworks @loader_path/Frameworks";
				PRODUCT_BUNDLE_IDENTIFIER = com.sandzapps.SpriteKitSimpleGameTests;
				PRODUCT_NAME = "$(TARGET_NAME)";
				TEST_HOST = "$(BUILT_PRODUCTS_DIR)/SpriteKitSimpleGame.app/SpriteKitSimpleGame";
			};
			name = Release;
		};
		5A6C2AEF1CB6A96700E2EACE /* Debug */ = {
			isa = XCBuildConfiguration;
			buildSettings = {
				DEBUG_INFORMATION_FORMAT = dwarf;
				INFOPLIST_FILE = SpriteKitSimpleGameUITests/Info.plist;
				LD_RUNPATH_SEARCH_PATHS = "$(inherited) @executable_path/Frameworks @loader_path/Frameworks";
				PRODUCT_BUNDLE_IDENTIFIER = com.sandzapps.SpriteKitSimpleGameUITests;
				PRODUCT_NAME = "$(TARGET_NAME)";
				TEST_TARGET_NAME = SpriteKitSimpleGame;
				USES_XCTRUNNER = YES;
			};
			name = Debug;
		};
		5A6C2AF01CB6A96700E2EACE /* Release */ = {
			isa = XCBuildConfiguration;
			buildSettings = {
				INFOPLIST_FILE = SpriteKitSimpleGameUITests/Info.plist;
				LD_RUNPATH_SEARCH_PATHS = "$(inherited) @executable_path/Frameworks @loader_path/Frameworks";
				PRODUCT_BUNDLE_IDENTIFIER = com.sandzapps.SpriteKitSimpleGameUITests;
				PRODUCT_NAME = "$(TARGET_NAME)";
				TEST_TARGET_NAME = SpriteKitSimpleGame;
				USES_XCTRUNNER = YES;
			};
			name = Release;
		};
/* End XCBuildConfiguration section */

/* Begin XCConfigurationList section */
		5A6C2AB11CB6A96600E2EACE /* Build configuration list for PBXProject "SpriteKitSimpleGame" */ = {
			isa = XCConfigurationList;
			buildConfigurations = (
				5A6C2AE61CB6A96700E2EACE /* Debug */,
				5A6C2AE71CB6A96700E2EACE /* Release */,
			);
			defaultConfigurationIsVisible = 0;
			defaultConfigurationName = Release;
		};
		5A6C2AE81CB6A96700E2EACE /* Build configuration list for PBXNativeTarget "SpriteKitSimpleGame" */ = {
			isa = XCConfigurationList;
			buildConfigurations = (
				5A6C2AE91CB6A96700E2EACE /* Debug */,
				5A6C2AEA1CB6A96700E2EACE /* Release */,
			);
			defaultConfigurationIsVisible = 0;
		};
		5A6C2AEB1CB6A96700E2EACE /* Build configuration list for PBXNativeTarget "SpriteKitSimpleGameTests" */ = {
			isa = XCConfigurationList;
			buildConfigurations = (
				5A6C2AEC1CB6A96700E2EACE /* Debug */,
				5A6C2AED1CB6A96700E2EACE /* Release */,
			);
			defaultConfigurationIsVisible = 0;
		};
		5A6C2AEE1CB6A96700E2EACE /* Build configuration list for PBXNativeTarget "SpriteKitSimpleGameUITests" */ = {
			isa = XCConfigurationList;
			buildConfigurations = (
				5A6C2AEF1CB6A96700E2EACE /* Debug */,
				5A6C2AF01CB6A96700E2EACE /* Release */,
			);
			defaultConfigurationIsVisible = 0;
		};
/* End XCConfigurationList section */
	};
	rootObject = 5A6C2AAE1CB6A96600E2EACE /* Project object */;
}
